
Microsoft Visual Studio Solution File, Format Version 12.00
# Visual Studio Version 16
VisualStudioVersion = 16.0.31129.286
MinimumVisualStudioVersion = 10.0.40219.1
Project("{FAE04EC0-301F-11D3-BF4B-00C04F79EFBC}") = "Module2HW6", "Module2HW6.csproj", "{5F4A8588-26DB-4E4D-BEDC-15F8D434F35F}"
EndProject
Global
	GlobalSection(SolutionConfigurationPlatforms) = preSolution
		Debug|Any CPU = Debug|Any CPU
		Release|Any CPU = Release|Any CPU
	EndGlobalSection
	GlobalSection(ProjectConfigurationPlatforms) = postSolution
		{5F4A8588-26DB-4E4D-BEDC-15F8D434F35F}.Debug|Any CPU.ActiveCfg = Debug|Any CPU
		{5F4A8588-26DB-4E4D-BEDC-15F8D434F35F}.Debug|Any CPU.Build.0 = Debug|Any CPU
		{5F4A8588-26DB-4E4D-BEDC-15F8D434F35F}.Release|Any CPU.ActiveCfg = Release|Any CPU
		{5F4A8588-26DB-4E4D-BEDC-15F8D434F35F}.Release|Any CPU.Build.0 = Release|Any CPU
	EndGlobalSection
	GlobalSection(SolutionProperties) = preSolution
		HideSolutionNode = FALSE
	EndGlobalSection
	GlobalSection(ExtensibilityGlobals) = postSolution
		SolutionGuid = {A46D562F-33C4-4A74-9A58-D42F8181C1EE}
	EndGlobalSection
EndGlobal
